
Microsoft Visual Studio Solution File, Format Version 12.00
# Visual Studio Version 16
VisualStudioVersion = 16.0.30523.141
MinimumVisualStudioVersion = 10.0.40219.1
Project("{FAE04EC0-301F-11D3-BF4B-00C04F79EFBC}") = "H3MP", "src\H3MP\H3MP.csproj", "{B61996B9-1C32-4545-84C6-9ED8C2F94C69}"
EndProject
Global
	GlobalSection(SolutionConfigurationPlatforms) = preSolution
		Debug|Any CPU = Debug|Any CPU
		Release|Any CPU = Release|Any CPU
	EndGlobalSection
	GlobalSection(ProjectConfigurationPlatforms) = postSolution
		{B61996B9-1C32-4545-84C6-9ED8C2F94C69}.Debug|Any CPU.ActiveCfg = Debug|Any CPU
		{B61996B9-1C32-4545-84C6-9ED8C2F94C69}.Debug|Any CPU.Build.0 = Debug|Any CPU
		{B61996B9-1C32-4545-84C6-9ED8C2F94C69}.Release|Any CPU.ActiveCfg = Release|Any CPU
		{B61996B9-1C32-4545-84C6-9ED8C2F94C69}.Release|Any CPU.Build.0 = Release|Any CPU
		{32AB795B-E38E-4D24-AB45-C5940CAE12BA}.Debug|Any CPU.ActiveCfg = Debug|Any CPU
		{32AB795B-E38E-4D24-AB45-C5940CAE12BA}.Debug|Any CPU.Build.0 = Debug|Any CPU
		{32AB795B-E38E-4D24-AB45-C5940CAE12BA}.Release|Any CPU.ActiveCfg = Release|Any CPU
		{32AB795B-E38E-4D24-AB45-C5940CAE12BA}.Release|Any CPU.Build.0 = Release|Any CPU
	EndGlobalSection
	GlobalSection(SolutionProperties) = preSolution
		HideSolutionNode = FALSE
	EndGlobalSection
	GlobalSection(ExtensibilityGlobals) = postSolution
		SolutionGuid = {29ADBD06-86DF-4432-B969-DBB1AB851824}
	EndGlobalSection
EndGlobal
