
Microsoft Visual Studio Solution File, Format Version 12.00
# Visual Studio Version 16
VisualStudioVersion = 16.0.30523.141
MinimumVisualStudioVersion = 10.0.40219.1
Project("{FAE04EC0-301F-11D3-BF4B-00C04F79EFBC}") = "H3MP.Server", "src\H3MP.Server\H3MP.Server.csproj", "{7E6BE926-E294-48F2-8F01-F82893F8FA5E}"
EndProject
Project("{FAE04EC0-301F-11D3-BF4B-00C04F79EFBC}") = "H3MP.Client", "src\H3MP.Client\H3MP.Client.csproj", "{B61996B9-1C32-4545-84C6-9ED8C2F94C69}"
EndProject
Project("{FAE04EC0-301F-11D3-BF4B-00C04F79EFBC}") = "H3MP.Common", "src\H3MP.Common\H3MP.Common.csproj", "{527808FF-224F-4065-B8E9-F5C4FBD5FFA7}"
EndProject
Global
	GlobalSection(SolutionConfigurationPlatforms) = preSolution
		Debug|Any CPU = Debug|Any CPU
		Release|Any CPU = Release|Any CPU
	EndGlobalSection
	GlobalSection(ProjectConfigurationPlatforms) = postSolution
		{7E6BE926-E294-48F2-8F01-F82893F8FA5E}.Debug|Any CPU.ActiveCfg = Debug|Any CPU
		{7E6BE926-E294-48F2-8F01-F82893F8FA5E}.Debug|Any CPU.Build.0 = Debug|Any CPU
		{7E6BE926-E294-48F2-8F01-F82893F8FA5E}.Release|Any CPU.ActiveCfg = Release|Any CPU
		{7E6BE926-E294-48F2-8F01-F82893F8FA5E}.Release|Any CPU.Build.0 = Release|Any CPU
		{B61996B9-1C32-4545-84C6-9ED8C2F94C69}.Debug|Any CPU.ActiveCfg = Debug|Any CPU
		{B61996B9-1C32-4545-84C6-9ED8C2F94C69}.Debug|Any CPU.Build.0 = Debug|Any CPU
		{B61996B9-1C32-4545-84C6-9ED8C2F94C69}.Release|Any CPU.ActiveCfg = Release|Any CPU
		{B61996B9-1C32-4545-84C6-9ED8C2F94C69}.Release|Any CPU.Build.0 = Release|Any CPU
		{527808FF-224F-4065-B8E9-F5C4FBD5FFA7}.Debug|Any CPU.ActiveCfg = Debug|Any CPU
		{527808FF-224F-4065-B8E9-F5C4FBD5FFA7}.Debug|Any CPU.Build.0 = Debug|Any CPU
		{527808FF-224F-4065-B8E9-F5C4FBD5FFA7}.Release|Any CPU.ActiveCfg = Release|Any CPU
		{527808FF-224F-4065-B8E9-F5C4FBD5FFA7}.Release|Any CPU.Build.0 = Release|Any CPU
	EndGlobalSection
	GlobalSection(SolutionProperties) = preSolution
		HideSolutionNode = FALSE
	EndGlobalSection
	GlobalSection(ExtensibilityGlobals) = postSolution
		SolutionGuid = {29ADBD06-86DF-4432-B969-DBB1AB851824}
	EndGlobalSection
EndGlobal
